
Microsoft Visual Studio Solution File, Format Version 12.00
# Visual Studio Version 17
VisualStudioVersion = 17.11.35327.3
MinimumVisualStudioVersion = 10.0.40219.1
Project("{FAE04EC0-301F-11D3-BF4B-00C04F79EFBC}") = "P2_1_714230047", "P2_1_714230047\P2_1_714230047.csproj", "{6564B023-6194-4C0D-A1A8-0BC31A9DD78C}"
EndProject
Global
	GlobalSection(SolutionConfigurationPlatforms) = preSolution
		Debug|Any CPU = Debug|Any CPU
		Release|Any CPU = Release|Any CPU
	EndGlobalSection
	GlobalSection(ProjectConfigurationPlatforms) = postSolution
		{6564B023-6194-4C0D-A1A8-0BC31A9DD78C}.Debug|Any CPU.ActiveCfg = Debug|Any CPU
		{6564B023-6194-4C0D-A1A8-0BC31A9DD78C}.Debug|Any CPU.Build.0 = Debug|Any CPU
		{6564B023-6194-4C0D-A1A8-0BC31A9DD78C}.Release|Any CPU.ActiveCfg = Release|Any CPU
		{6564B023-6194-4C0D-A1A8-0BC31A9DD78C}.Release|Any CPU.Build.0 = Release|Any CPU
	EndGlobalSection
	GlobalSection(SolutionProperties) = preSolution
		HideSolutionNode = FALSE
	EndGlobalSection
	GlobalSection(ExtensibilityGlobals) = postSolution
		SolutionGuid = {91DA4601-7F83-4F50-B84F-5FF85BFBE760}
	EndGlobalSection
EndGlobal
