
Microsoft Visual Studio Solution File, Format Version 12.00
# Visual Studio Version 17
VisualStudioVersion = 17.11.35327.3
MinimumVisualStudioVersion = 10.0.40219.1
Project("{FAE04EC0-301F-11D3-BF4B-00C04F79EFBC}") = "P3_2_NPM", "P3_2_NPM\P3_2_NPM.csproj", "{589C86E1-CFD6-44A0-97AD-74694B419039}"
EndProject
Global
	GlobalSection(SolutionConfigurationPlatforms) = preSolution
		Debug|Any CPU = Debug|Any CPU
		Release|Any CPU = Release|Any CPU
	EndGlobalSection
	GlobalSection(ProjectConfigurationPlatforms) = postSolution
		{589C86E1-CFD6-44A0-97AD-74694B419039}.Debug|Any CPU.ActiveCfg = Debug|Any CPU
		{589C86E1-CFD6-44A0-97AD-74694B419039}.Debug|Any CPU.Build.0 = Debug|Any CPU
		{589C86E1-CFD6-44A0-97AD-74694B419039}.Release|Any CPU.ActiveCfg = Release|Any CPU
		{589C86E1-CFD6-44A0-97AD-74694B419039}.Release|Any CPU.Build.0 = Release|Any CPU
	EndGlobalSection
	GlobalSection(SolutionProperties) = preSolution
		HideSolutionNode = FALSE
	EndGlobalSection
	GlobalSection(ExtensibilityGlobals) = postSolution
		SolutionGuid = {345DB934-6E14-44EB-B432-53FF5925BEAF}
	EndGlobalSection
EndGlobal
